
Microsoft Visual Studio Solution File, Format Version 12.00
# Visual Studio Version 17
VisualStudioVersion = 17.14.36121.58 d17.14
MinimumVisualStudioVersion = 10.0.40219.1
Project("{FAE04EC0-301F-11D3-BF4B-00C04F79EFBC}") = "FluffyByte.SimpleUnityServer", "FluffyByte.SimpleUnityServer\FluffyByte.SimpleUnityServer.csproj", "{042CB15D-8958-47B3-A18C-17AD4E3B640B}"
EndProject
Global
	GlobalSection(SolutionConfigurationPlatforms) = preSolution
		Debug|Any CPU = Debug|Any CPU
		Release|Any CPU = Release|Any CPU
	EndGlobalSection
	GlobalSection(ProjectConfigurationPlatforms) = postSolution
		{042CB15D-8958-47B3-A18C-17AD4E3B640B}.Debug|Any CPU.ActiveCfg = Debug|Any CPU
		{042CB15D-8958-47B3-A18C-17AD4E3B640B}.Debug|Any CPU.Build.0 = Debug|Any CPU
		{042CB15D-8958-47B3-A18C-17AD4E3B640B}.Release|Any CPU.ActiveCfg = Release|Any CPU
		{042CB15D-8958-47B3-A18C-17AD4E3B640B}.Release|Any CPU.Build.0 = Release|Any CPU
	EndGlobalSection
	GlobalSection(SolutionProperties) = preSolution
		HideSolutionNode = FALSE
	EndGlobalSection
	GlobalSection(ExtensibilityGlobals) = postSolution
		SolutionGuid = {234B7EBC-225A-45DD-926E-B24BAAFA8FA8}
	EndGlobalSection
EndGlobal
